
Microsoft Visual Studio Solution File, Format Version 12.00
# Visual Studio Version 16
VisualStudioVersion = 16.0.30413.136
MinimumVisualStudioVersion = 10.0.40219.1
Project("{FAE04EC0-301F-11D3-BF4B-00C04F79EFBC}") = "Colecciones_1w1", "Colecciones_1w1\Colecciones_1w1.csproj", "{A13F594A-E00B-40DF-AC18-32D8C7DDF9AD}"
EndProject
Global
	GlobalSection(SolutionConfigurationPlatforms) = preSolution
		Debug|Any CPU = Debug|Any CPU
		Release|Any CPU = Release|Any CPU
	EndGlobalSection
	GlobalSection(ProjectConfigurationPlatforms) = postSolution
		{A13F594A-E00B-40DF-AC18-32D8C7DDF9AD}.Debug|Any CPU.ActiveCfg = Debug|Any CPU
		{A13F594A-E00B-40DF-AC18-32D8C7DDF9AD}.Debug|Any CPU.Build.0 = Debug|Any CPU
		{A13F594A-E00B-40DF-AC18-32D8C7DDF9AD}.Release|Any CPU.ActiveCfg = Release|Any CPU
		{A13F594A-E00B-40DF-AC18-32D8C7DDF9AD}.Release|Any CPU.Build.0 = Release|Any CPU
	EndGlobalSection
	GlobalSection(SolutionProperties) = preSolution
		HideSolutionNode = FALSE
	EndGlobalSection
	GlobalSection(ExtensibilityGlobals) = postSolution
		SolutionGuid = {82D8C48F-D9F9-4BEF-82DE-154DC3F89DFC}
	EndGlobalSection
EndGlobal
